
Microsoft Visual Studio Solution File, Format Version 12.00
# Visual Studio Version 16
VisualStudioVersion = 25.0.1705.1
MinimumVisualStudioVersion = 10.0.40219.1
Project("{FAE04EC0-301F-11D3-BF4B-00C04F79EFBC}") = "SchoolData", "SchoolData.csproj", "{8E9C23E4-9C78-4400-9E8A-030760C7745D}"
EndProject
Global
	GlobalSection(SolutionConfigurationPlatforms) = preSolution
		Debug|Any CPU = Debug|Any CPU
		Release|Any CPU = Release|Any CPU
	EndGlobalSection
	GlobalSection(ProjectConfigurationPlatforms) = postSolution
		{8E9C23E4-9C78-4400-9E8A-030760C7745D}.Debug|Any CPU.ActiveCfg = Debug|Any CPU
		{8E9C23E4-9C78-4400-9E8A-030760C7745D}.Debug|Any CPU.Build.0 = Debug|Any CPU
		{8E9C23E4-9C78-4400-9E8A-030760C7745D}.Release|Any CPU.ActiveCfg = Release|Any CPU
		{8E9C23E4-9C78-4400-9E8A-030760C7745D}.Release|Any CPU.Build.0 = Release|Any CPU
	EndGlobalSection
	GlobalSection(SolutionProperties) = preSolution
		HideSolutionNode = FALSE
	EndGlobalSection
	GlobalSection(ExtensibilityGlobals) = postSolution
		SolutionGuid = {7E5F8BD4-48EE-42AF-8B48-58E517360AF2}
	EndGlobalSection
EndGlobal
